
Microsoft Visual Studio Solution File, Format Version 12.00
# Visual Studio Version 17
VisualStudioVersion = 17.9.34723.18
MinimumVisualStudioVersion = 10.0.40219.1
Project("{9A19103F-16F7-4668-BE54-9A1E7A4F7556}") = "EBrief", "EBrief\EBrief.csproj", "{39323541-126B-43EA-9306-CB64A83A80B6}"
EndProject
Project("{9A19103F-16F7-4668-BE54-9A1E7A4F7556}") = "EBrief.Shared", "EBrief.Shared\EBrief.Shared.csproj", "{7765E27A-06D8-4711-82CD-D148EB01B191}"
EndProject
Global
	GlobalSection(SolutionConfigurationPlatforms) = preSolution
		Debug|Any CPU = Debug|Any CPU
		Debug|ARM = Debug|ARM
		Debug|ARM64 = Debug|ARM64
		Debug|x64 = Debug|x64
		Debug|x86 = Debug|x86
		Release|Any CPU = Release|Any CPU
		Release|ARM = Release|ARM
		Release|ARM64 = Release|ARM64
		Release|x64 = Release|x64
		Release|x86 = Release|x86
	EndGlobalSection
	GlobalSection(ProjectConfigurationPlatforms) = postSolution
		{39323541-126B-43EA-9306-CB64A83A80B6}.Debug|Any CPU.ActiveCfg = Debug|Any CPU
		{39323541-126B-43EA-9306-CB64A83A80B6}.Debug|Any CPU.Build.0 = Debug|Any CPU
		{39323541-126B-43EA-9306-CB64A83A80B6}.Debug|ARM.ActiveCfg = Debug|Any CPU
		{39323541-126B-43EA-9306-CB64A83A80B6}.Debug|ARM.Build.0 = Debug|Any CPU
		{39323541-126B-43EA-9306-CB64A83A80B6}.Debug|ARM64.ActiveCfg = Debug|Any CPU
		{39323541-126B-43EA-9306-CB64A83A80B6}.Debug|ARM64.Build.0 = Debug|Any CPU
		{39323541-126B-43EA-9306-CB64A83A80B6}.Debug|x64.ActiveCfg = Debug|Any CPU
		{39323541-126B-43EA-9306-CB64A83A80B6}.Debug|x64.Build.0 = Debug|Any CPU
		{39323541-126B-43EA-9306-CB64A83A80B6}.Debug|x86.ActiveCfg = Debug|Any CPU
		{39323541-126B-43EA-9306-CB64A83A80B6}.Debug|x86.Build.0 = Debug|Any CPU
		{39323541-126B-43EA-9306-CB64A83A80B6}.Release|Any CPU.ActiveCfg = Release|Any CPU
		{39323541-126B-43EA-9306-CB64A83A80B6}.Release|Any CPU.Build.0 = Release|Any CPU
		{39323541-126B-43EA-9306-CB64A83A80B6}.Release|ARM.ActiveCfg = Release|Any CPU
		{39323541-126B-43EA-9306-CB64A83A80B6}.Release|ARM.Build.0 = Release|Any CPU
		{39323541-126B-43EA-9306-CB64A83A80B6}.Release|ARM64.ActiveCfg = Release|Any CPU
		{39323541-126B-43EA-9306-CB64A83A80B6}.Release|ARM64.Build.0 = Release|Any CPU
		{39323541-126B-43EA-9306-CB64A83A80B6}.Release|x64.ActiveCfg = Release|x64
		{39323541-126B-43EA-9306-CB64A83A80B6}.Release|x64.Build.0 = Release|x64
		{39323541-126B-43EA-9306-CB64A83A80B6}.Release|x86.ActiveCfg = Release|x86
		{39323541-126B-43EA-9306-CB64A83A80B6}.Release|x86.Build.0 = Release|x86
		{7765E27A-06D8-4711-82CD-D148EB01B191}.Debug|Any CPU.ActiveCfg = Debug|Any CPU
		{7765E27A-06D8-4711-82CD-D148EB01B191}.Debug|Any CPU.Build.0 = Debug|Any CPU
		{7765E27A-06D8-4711-82CD-D148EB01B191}.Debug|ARM.ActiveCfg = Debug|Any CPU
		{7765E27A-06D8-4711-82CD-D148EB01B191}.Debug|ARM64.ActiveCfg = Debug|Any CPU
		{7765E27A-06D8-4711-82CD-D148EB01B191}.Debug|x64.ActiveCfg = Debug|Any CPU
		{7765E27A-06D8-4711-82CD-D148EB01B191}.Debug|x86.ActiveCfg = Debug|Any CPU
		{7765E27A-06D8-4711-82CD-D148EB01B191}.Release|Any CPU.ActiveCfg = Release|Any CPU
		{7765E27A-06D8-4711-82CD-D148EB01B191}.Release|Any CPU.Build.0 = Release|Any CPU
		{7765E27A-06D8-4711-82CD-D148EB01B191}.Release|ARM.ActiveCfg = Release|Any CPU
		{7765E27A-06D8-4711-82CD-D148EB01B191}.Release|ARM64.ActiveCfg = Release|Any CPU
		{7765E27A-06D8-4711-82CD-D148EB01B191}.Release|x64.ActiveCfg = Release|Any CPU
		{7765E27A-06D8-4711-82CD-D148EB01B191}.Release|x86.ActiveCfg = Release|Any CPU
	EndGlobalSection
	GlobalSection(SolutionProperties) = preSolution
		HideSolutionNode = FALSE
	EndGlobalSection
	GlobalSection(ExtensibilityGlobals) = postSolution
		SolutionGuid = {B2BCE333-8DD4-475F-86B9-D28C0457D0EC}
	EndGlobalSection
EndGlobal
