
Microsoft Visual Studio Solution File, Format Version 12.00
# Visual Studio Version 17
VisualStudioVersion = 17.9.34723.18
MinimumVisualStudioVersion = 10.0.40219.1
Project("{9A19103F-16F7-4668-BE54-9A1E7A4F7556}") = "EBrief", "EBrief\EBrief.csproj", "{39323541-126B-43EA-9306-CB64A83A80B6}"
EndProject
Project("{9A19103F-16F7-4668-BE54-9A1E7A4F7556}") = "EBrief.Shared", "EBrief.Shared\EBrief.Shared.csproj", "{7765E27A-06D8-4711-82CD-D148EB01B191}"
EndProject
Project("{9A19103F-16F7-4668-BE54-9A1E7A4F7556}") = "EBrief.WebClient", "EBrief.WebClient\EBrief.WebClient.csproj", "{B09491F5-D990-4D35-ACDC-CAEC1B30BF14}"
EndProject
Global
	GlobalSection(SolutionConfigurationPlatforms) = preSolution
		Debug|Any CPU = Debug|Any CPU
		Release|Any CPU = Release|Any CPU
	EndGlobalSection
	GlobalSection(ProjectConfigurationPlatforms) = postSolution
		{39323541-126B-43EA-9306-CB64A83A80B6}.Debug|Any CPU.ActiveCfg = Debug|Any CPU
		{39323541-126B-43EA-9306-CB64A83A80B6}.Debug|Any CPU.Build.0 = Debug|Any CPU
		{39323541-126B-43EA-9306-CB64A83A80B6}.Release|Any CPU.ActiveCfg = Release|Any CPU
		{39323541-126B-43EA-9306-CB64A83A80B6}.Release|Any CPU.Build.0 = Release|Any CPU
		{7765E27A-06D8-4711-82CD-D148EB01B191}.Debug|Any CPU.ActiveCfg = Debug|Any CPU
		{7765E27A-06D8-4711-82CD-D148EB01B191}.Debug|Any CPU.Build.0 = Debug|Any CPU
		{7765E27A-06D8-4711-82CD-D148EB01B191}.Release|Any CPU.ActiveCfg = Release|Any CPU
		{7765E27A-06D8-4711-82CD-D148EB01B191}.Release|Any CPU.Build.0 = Release|Any CPU
		{B09491F5-D990-4D35-ACDC-CAEC1B30BF14}.Debug|Any CPU.ActiveCfg = Debug|Any CPU
		{B09491F5-D990-4D35-ACDC-CAEC1B30BF14}.Debug|Any CPU.Build.0 = Debug|Any CPU
		{B09491F5-D990-4D35-ACDC-CAEC1B30BF14}.Release|Any CPU.ActiveCfg = Release|Any CPU
		{B09491F5-D990-4D35-ACDC-CAEC1B30BF14}.Release|Any CPU.Build.0 = Release|Any CPU
	EndGlobalSection
	GlobalSection(SolutionProperties) = preSolution
		HideSolutionNode = FALSE
	EndGlobalSection
	GlobalSection(ExtensibilityGlobals) = postSolution
		SolutionGuid = {B2BCE333-8DD4-475F-86B9-D28C0457D0EC}
	EndGlobalSection
EndGlobal
